---
- name: Setup Server Block
  # https://stackoverflow.com/a/36361222/13172236
  hosts: "{{ setupHosts }}"
  vars:
    run_install: false
    run_setup: true
  vars_prompt:
    - name: setupHosts
      prompt: Which hosts would you like to use?
      private: false
  tasks:
    - ansible.builtin.command: echo
  become: true
  roles:
    - nginx
